
Microsoft Visual Studio Solution File, Format Version 12.00
# Visual Studio Version 17
VisualStudioVersion = 17.10.35013.160
MinimumVisualStudioVersion = 10.0.40219.1
Project("{FAE04EC0-301F-11D3-BF4B-00C04F79EFBC}") = "AuthenticationUI", "AuthenticationUI\AuthenticationUI.csproj", "{70B5DDCB-FE53-4630-A3F2-8839BE6ED7CE}"
EndProject
Global
	GlobalSection(SolutionConfigurationPlatforms) = preSolution
		Debug|Any CPU = Debug|Any CPU
		Release|Any CPU = Release|Any CPU
	EndGlobalSection
	GlobalSection(ProjectConfigurationPlatforms) = postSolution
		{70B5DDCB-FE53-4630-A3F2-8839BE6ED7CE}.Debug|Any CPU.ActiveCfg = Debug|Any CPU
		{70B5DDCB-FE53-4630-A3F2-8839BE6ED7CE}.Debug|Any CPU.Build.0 = Debug|Any CPU
		{70B5DDCB-FE53-4630-A3F2-8839BE6ED7CE}.Release|Any CPU.ActiveCfg = Release|Any CPU
		{70B5DDCB-FE53-4630-A3F2-8839BE6ED7CE}.Release|Any CPU.Build.0 = Release|Any CPU
	EndGlobalSection
	GlobalSection(SolutionProperties) = preSolution
		HideSolutionNode = FALSE
	EndGlobalSection
	GlobalSection(ExtensibilityGlobals) = postSolution
		SolutionGuid = {9D247252-5928-49FC-8A79-CA3BD37DA7B9}
	EndGlobalSection
EndGlobal
